lockfileVersion: '9.0'

settings:
  autoInstallPeers: true
  excludeLinksFromLockfile: false

importers:

  .:
    dependencies:
      '@graphql-codegen/core':
        specifier: ^4.0.0
        version: 4.0.2(graphql@16.12.0)
      '@graphql-codegen/typescript':
        specifier: ^4.0.0
        version: 4.1.6(graphql@16.12.0)
      '@graphql-codegen/typescript-operations':
        specifier: ^4.0.0
        version: 4.6.1(graphql@16.12.0)
      graphql:
        specifier: ^16.12.0
        version: 16.12.0

packages:

  '@ardatan/relay-compiler@12.0.3':
    resolution: {integrity: sha512-mBDFOGvAoVlWaWqs3hm1AciGHSQE1rqFc/liZTyYz/Oek9yZdT5H26pH2zAFuEiTiBVPPyMuqf5VjOFPI2DGsQ==}
    hasBin: true
    peerDependencies:
      graphql: '*'

  '@babel/generator@7.29.1':
    resolution: {integrity: sha512-qsaF+9Qcm2Qv8SRIMMscAvG4O3lJ0F1GuMo5HR/Bp02LopNgnZBC/EkbevHFeGs4ls/oPz9v+Bsmzbkbe+0dUw==}
    engines: {node: '>=6.9.0'}

  '@babel/helper-string-parser@7.27.1':
    resolution: {integrity: sha512-qMlSxKbpRlAridDExk92nSobyDdpPijUq2DW6oDnUqd0iOGxmQjyqhMIihI9+zv4LPyZdRje2cavWPbCbWm3eA==}
    engines: {node: '>=6.9.0'}

  '@babel/helper-validator-identifier@7.28.5':
    resolution: {integrity: sha512-qSs4ifwzKJSV39ucNjsvc6WVHs6b7S03sOh2OcHF9UHfVPqWWALUsNUVzhSBiItjRZoLHx7nIarVjqKVusUZ1Q==}
    engines: {node: '>=6.9.0'}

  '@babel/parser@7.29.0':
    resolution: {integrity: sha512-IyDgFV5GeDUVX4YdF/3CPULtVGSXXMLh1xVIgdCgxApktqnQV0r7/8Nqthg+8YLGaAtdyIlo2qIdZrbCv4+7ww==}
    engines: {node: '>=6.0.0'}
    hasBin: true

  '@babel/runtime@7.28.6':
    resolution: {integrity: sha512-05WQkdpL9COIMz4LjTxGpPNCdlpyimKppYNoJ5Di5EUObifl8t4tuLuUBBZEpoLYOmfvIWrsp9fCl0HoPRVTdA==}
    engines: {node: '>=6.9.0'}

  '@babel/types@7.29.0':
    resolution: {integrity: sha512-LwdZHpScM4Qz8Xw2iKSzS+cfglZzJGvofQICy7W7v4caru4EaAmyUuO6BGrbyQ2mYV11W0U8j5mBhd14dd3B0A==}
    engines: {node: '>=6.9.0'}

  '@graphql-codegen/core@4.0.2':
    resolution: {integrity: sha512-IZbpkhwVqgizcjNiaVzNAzm/xbWT6YnGgeOLwVjm4KbJn3V2jchVtuzHH09G5/WkkLSk2wgbXNdwjM41JxO6Eg==}
    peerDependencies:
      graphql: ^0.8.0 || ^0.9.0 || ^0.10.0 || ^0.11.0 || ^0.12.0 || ^0.13.0 || ^14.0.0 || ^15.0.0 || ^16.0.0

  '@graphql-codegen/plugin-helpers@5.1.1':
    resolution: {integrity: sha512-28GHODK2HY1NhdyRcPP3sCz0Kqxyfiz7boIZ8qIxFYmpLYnlDgiYok5fhFLVSZihyOpCs4Fa37gVHf/Q4I2FEg==}
    engines: {node: '>=16'}
    peerDependencies:
      graphql: ^0.8.0 || ^0.9.0 || ^0.10.0 || ^0.11.0 || ^0.12.0 || ^0.13.0 || ^14.0.0 || ^15.0.0 || ^16.0.0

  '@graphql-codegen/schema-ast@4.1.0':
    resolution: {integrity: sha512-kZVn0z+th9SvqxfKYgztA6PM7mhnSZaj4fiuBWvMTqA+QqQ9BBed6Pz41KuD/jr0gJtnlr2A4++/0VlpVbCTmQ==}
    peerDependencies:
      graphql: ^0.8.0 || ^0.9.0 || ^0.10.0 || ^0.11.0 || ^0.12.0 || ^0.13.0 || ^14.0.0 || ^15.0.0 || ^16.0.0

  '@graphql-codegen/typescript-operations@4.6.1':
    resolution: {integrity: sha512-k92laxhih7s0WZ8j5WMIbgKwhe64C0As6x+PdcvgZFMudDJ7rPJ/hFqJ9DCRxNjXoHmSjnr6VUuQZq4lT1RzCA==}
    engines: {node: '>=16'}
    peerDependencies:
      graphql: ^0.8.0 || ^0.9.0 || ^0.10.0 || ^0.11.0 || ^0.12.0 || ^0.13.0 || ^14.0.0 || ^15.0.0 || ^16.0.0
      graphql-sock: ^1.0.0
    peerDependenciesMeta:
      graphql-sock:
        optional: true

  '@graphql-codegen/typescript@4.1.6':
    resolution: {integrity: sha512-vpw3sfwf9A7S+kIUjyFxuvrywGxd4lmwmyYnnDVjVE4kSQ6Td3DpqaPTy8aNQ6O96vFoi/bxbZS2BW49PwSUUA==}
    engines: {node: '>=16'}
    peerDependencies:
      graphql: ^0.12.0 || ^0.13.0 || ^14.0.0 || ^15.0.0 || ^16.0.0

  '@graphql-codegen/visitor-plugin-common@5.8.0':
    resolution: {integrity: sha512-lC1E1Kmuzi3WZUlYlqB4fP6+CvbKH9J+haU1iWmgsBx5/sO2ROeXJG4Dmt8gP03bI2BwjiwV5WxCEMlyeuzLnA==}
    engines: {node: '>=16'}
    peerDependencies:
      graphql: ^0.8.0 || ^0.9.0 || ^0.10.0 || ^0.11.0 || ^0.12.0 || ^0.13.0 || ^14.0.0 || ^15.0.0 || ^16.0.0

  '@graphql-tools/merge@9.1.7':
    resolution: {integrity: sha512-Y5E1vTbTabvcXbkakdFUt4zUIzB1fyaEnVmIWN0l0GMed2gdD01TpZWLUm4RNAxpturvolrb24oGLQrBbPLSoQ==}
    engines: {node: '>=16.0.0'}
    peerDependencies:
      graphql: ^14.0.0 || ^15.0.0 || ^16.0.0 || ^17.0.0

  '@graphql-tools/optimize@2.0.0':
    resolution: {integrity: sha512-nhdT+CRGDZ+bk68ic+Jw1OZ99YCDIKYA5AlVAnBHJvMawSx9YQqQAIj4refNc1/LRieGiuWvhbG3jvPVYho0Dg==}
    engines: {node: '>=16.0.0'}
    peerDependencies:
      graphql: ^14.0.0 || ^15.0.0 || ^16.0.0 || ^17.0.0

  '@graphql-tools/relay-operation-optimizer@7.0.27':
    resolution: {integrity: sha512-rdkL1iDMFaGDiHWd7Bwv7hbhrhnljkJaD0MXeqdwQlZVgVdUDlMot2WuF7CEKVgijpH6eSC6AxXMDeqVgSBS2g==}
    engines: {node: '>=16.0.0'}
    peerDependencies:
      graphql: ^14.0.0 || ^15.0.0 || ^16.0.0 || ^17.0.0

  '@graphql-tools/schema@10.0.31':
    resolution: {integrity: sha512-ZewRgWhXef6weZ0WiP7/MV47HXiuFbFpiDUVLQl6mgXsWSsGELKFxQsyUCBos60Qqy1JEFAIu3Ns6GGYjGkqkQ==}
    engines: {node: '>=16.0.0'}
    peerDependencies:
      graphql: ^14.0.0 || ^15.0.0 || ^16.0.0 || ^17.0.0

  '@graphql-tools/utils@10.11.0':
    resolution: {integrity: sha512-iBFR9GXIs0gCD+yc3hoNswViL1O5josI33dUqiNStFI/MHLCEPduasceAcazRH77YONKNiviHBV8f7OgcT4o2Q==}
    engines: {node: '>=16.0.0'}
    peerDependencies:
      graphql: ^14.0.0 || ^15.0.0 || ^16.0.0 || ^17.0.0

  '@graphql-tools/utils@11.0.0':
    resolution: {integrity: sha512-bM1HeZdXA2C3LSIeLOnH/bcqSgbQgKEDrjxODjqi3y58xai2TkNrtYcQSoWzGbt9VMN1dORGjR7Vem8SPnUFQA==}
    engines: {node: '>=16.0.0'}
    peerDependencies:
      graphql: ^14.0.0 || ^15.0.0 || ^16.0.0 || ^17.0.0

  '@graphql-typed-document-node/core@3.2.0':
    resolution: {integrity: sha512-mB9oAsNCm9aM3/SOv4YtBMqZbYj10R7dkq8byBqxGY/ncFwhf2oQzMV+LCRlWoDSEBJ3COiR1yeDvMtsoOsuFQ==}
    peerDependencies:
      graphql: ^0.8.0 || ^0.9.0 || ^0.10.0 || ^0.11.0 || ^0.12.0 || ^0.13.0 || ^14.0.0 || ^15.0.0 || ^16.0.0 || ^17.0.0

  '@jridgewell/gen-mapping@0.3.13':
    resolution: {integrity: sha512-2kkt/7niJ6MgEPxF0bYdQ6etZaA+fQvDcLKckhy1yIQOzaoKjBBjSj63/aLVjYE3qhRt5dvM+uUyfCg6UKCBbA==}

  '@jridgewell/resolve-uri@3.1.2':
    resolution: {integrity: sha512-bRISgCIjP20/tbWSPWMEi54QVPRZExkuD9lJL+UIxUKtwVJA8wW1Trb1jMs1RFXo1CBTNZ/5hpC9QvmKWdopKw==}
    engines: {node: '>=6.0.0'}

  '@jridgewell/sourcemap-codec@1.5.5':
    resolution: {integrity: sha512-cYQ9310grqxueWbl+WuIUIaiUaDcj7WOq5fVhEljNVgRfOUhY9fy2zTvfoqWsnebh8Sl70VScFbICvJnLKB0Og==}

  '@jridgewell/trace-mapping@0.3.31':
    resolution: {integrity: sha512-zzNR+SdQSDJzc8joaeP8QQoCQr8NuYx2dIIytl1QeBEZHJ9uW6hebsrYgbz8hJwUQao3TWCMtmfV8Nu1twOLAw==}

  '@whatwg-node/promise-helpers@1.3.2':
    resolution: {integrity: sha512-Nst5JdK47VIl9UcGwtv2Rcgyn5lWtZ0/mhRQ4G8NN2isxpq2TO30iqHzmwoJycjWuyUfg3GFXqP/gFHXeV57IA==}
    engines: {node: '>=16.0.0'}

  ansi-styles@4.3.0:
    resolution: {integrity: sha512-zbB9rCJAT1rbjiVDb2hqKFHNYLxgtk8NURxZ3IZwD3F6NtxbXZQCnnSi1Lkx+IDohdPlFp222wVALIheZJQSEg==}
    engines: {node: '>=8'}

  asap@2.0.6:
    resolution: {integrity: sha512-BSHWgDSAiKs50o2Re8ppvp3seVHXSRM44cdSsT9FfNEUUZLOGWVCsiWaRPWM1Znn+mqZ1OfVZ3z3DWEzSp7hRA==}

  auto-bind@4.0.0:
    resolution: {integrity: sha512-Hdw8qdNiqdJ8LqT0iK0sVzkFbzg6fhnQqqfWhBDxcHZvU75+B+ayzTy8x+k5Ix0Y92XOhOUlx74ps+bA6BeYMQ==}
    engines: {node: '>=8'}

  bser@2.1.1:
    resolution: {integrity: sha512-gQxTNE/GAfIIrmHLUE3oJyp5FO6HRBfhjnw4/wMmA63ZGDJnWBmgY/lyQBpnDUkGmAhbSe39tx2d/iTOAfglwQ==}

  camel-case@4.1.2:
    resolution: {integrity: sha512-gxGWBrTT1JuMx6R+o5PTXMmUnhnVzLQ9SNutD4YqKtI6ap897t3tKECYla6gCWEkplXnlNybEkZg9GEGxKFCgw==}

  capital-case@1.0.4:
    resolution: {integrity: sha512-ds37W8CytHgwnhGGTi88pcPyR15qoNkOpYwmMMfnWqqWgESapLqvDx6huFjQ5vqWSn2Z06173XNA7LtMOeUh1A==}

  chalk@4.1.2:
    resolution: {integrity: sha512-oKnbhFyRIXpUuez8iBMmyEa4nbj4IOQyuhc/wy9kY7/WVPcwIO9VA668Pu8RkO7+0G76SLROeyw9CpQ061i4mA==}
    engines: {node: '>=10'}

  change-case-all@1.0.15:
    resolution: {integrity: sha512-3+GIFhk3sNuvFAJKU46o26OdzudQlPNBCu1ZQi3cMeMHhty1bhDxu2WrEilVNYaGvqUtR1VSigFcJOiS13dRhQ==}

  change-case@4.1.2:
    resolution: {integrity: sha512-bSxY2ws9OtviILG1EiY5K7NNxkqg/JnRnFxLtKQ96JaviiIxi7djMrSd0ECT9AC+lttClmYwKw53BWpOMblo7A==}

  color-convert@2.0.1:
    resolution: {integrity: sha512-RRECPsj7iu/xb5oKYcsFHSppFNnsj/52OVTRKb4zP5onXwVF3zVmmToNcOfGC+CRDpfK/U584fMg38ZHCaElKQ==}
    engines: {node: '>=7.0.0'}

  color-name@1.1.4:
    resolution: {integrity: sha512-dOy+3AuW3a2wNbZHIuMZpTcgjGuLU/uBL/ubcZF9OXbDo8ff4O8yVp5Bf0efS8uEoYo5q4Fx7dY9OgQGXgAsQA==}

  common-tags@1.8.2:
    resolution: {integrity: sha512-gk/Z852D2Wtb//0I+kRFNKKE9dIIVirjoqPoA1wJU+XePVXZfGeBpk45+A1rKO4Q43prqWBNY/MiIeRLbPWUaA==}
    engines: {node: '>=4.0.0'}

  constant-case@3.0.4:
    resolution: {integrity: sha512-I2hSBi7Vvs7BEuJDr5dDHfzb/Ruj3FyvFyh7KLilAjNQw3Be+xgqUBA2W6scVEcL0hL1dwPRtIqEPVUCKkSsyQ==}

  cross-fetch@3.2.0:
    resolution: {integrity: sha512-Q+xVJLoGOeIMXZmbUK4HYk+69cQH6LudR0Vu/pRm2YlU/hDV9CiS0gKUMaWY5f2NeUH9C1nV3bsTlCo0FsTV1Q==}

  cross-inspect@1.0.1:
    resolution: {integrity: sha512-Pcw1JTvZLSJH83iiGWt6fRcT+BjZlCDRVwYLbUcHzv/CRpB7r0MlSrGbIyQvVSNyGnbt7G4AXuyCiDR3POvZ1A==}
    engines: {node: '>=16.0.0'}

  dependency-graph@0.11.0:
    resolution: {integrity: sha512-JeMq7fEshyepOWDfcfHK06N3MhyPhz++vtqWhMT5O9A3K42rdsEDpfdVqjaqaAhsw6a+ZqeDvQVtD0hFHQWrzg==}
    engines: {node: '>= 0.6.0'}

  dot-case@3.0.4:
    resolution: {integrity: sha512-Kv5nKlh6yRrdrGvxeJ2e5y2eRUpkUosIW4A2AS38zwSz27zu7ufDwQPi5Jhs3XAlGNetl3bmnGhQsMtkKJnj3w==}

  fb-watchman@2.0.2:
    resolution: {integrity: sha512-p5161BqbuCaSnB8jIbzQHOlpgsPmK5rJVDfDKO91Axs5NC1uu3HRQm6wt9cd9/+GtQQIO53JdGXXoyDpTAsgYA==}

  fbjs-css-vars@1.0.2:
    resolution: {integrity: sha512-b2XGFAFdWZWg0phtAWLHCk836A1Xann+I+Dgd3Gk64MHKZO44FfoD1KxyvbSh0qZsIoXQGGlVztIY+oitJPpRQ==}

  fbjs@3.0.5:
    resolution: {integrity: sha512-ztsSx77JBtkuMrEypfhgc3cI0+0h+svqeie7xHbh1k/IKdcydnvadp/mUaGgjAOXQmQSxsqgaRhS3q9fy+1kxg==}

  graphql-tag@2.12.6:
    resolution: {integrity: sha512-FdSNcu2QQcWnM2VNvSCCDCVS5PpPqpzgFT8+GXzqJuoDd0CBncxCY278u4mhRO7tMgo2JjgJA5aZ+nWSQ/Z+xg==}
    engines: {node: '>=10'}
    peerDependencies:
      graphql: ^0.9.0 || ^0.10.0 || ^0.11.0 || ^0.12.0 || ^0.13.0 || ^14.0.0 || ^15.0.0 || ^16.0.0

  graphql@16.12.0:
    resolution: {integrity: sha512-DKKrynuQRne0PNpEbzuEdHlYOMksHSUI8Zc9Unei5gTsMNA2/vMpoMz/yKba50pejK56qj98qM0SjYxAKi13gQ==}
    engines: {node: ^12.22.0 || ^14.16.0 || ^16.0.0 || >=17.0.0}

  has-flag@4.0.0:
    resolution: {integrity: sha512-EykJT/Q1KjTWctppgIAgfSO0tKVuZUjhgMr17kqTumMl6Afv3EISleU7qZUzoXDFTAHTDC4NOoG/ZxU3EvlMPQ==}
    engines: {node: '>=8'}

  header-case@2.0.4:
    resolution: {integrity: sha512-H/vuk5TEEVZwrR0lp2zed9OCo1uAILMlx0JEMgC26rzyJJ3N1v6XkwHHXJQdR2doSjcGPM6OKPYoJgf0plJ11Q==}

  immutable@3.7.6:
    resolution: {integrity: sha512-AizQPcaofEtO11RZhPPHBOJRdo/20MKQF9mBLnVkBoyHi1/zXK8fzVdnEpSV9gxqtnh6Qomfp3F0xT5qP/vThw==}
    engines: {node: '>=0.8.0'}

  import-from@4.0.0:
    resolution: {integrity: sha512-P9J71vT5nLlDeV8FHs5nNxaLbrpfAV5cF5srvbZfpwpcJoM/xZR3hiv+q+SAnuSmuGbXMWud063iIMx/V/EWZQ==}
    engines: {node: '>=12.2'}

  invariant@2.2.4:
    resolution: {integrity: sha512-phJfQVBuaJM5raOpJjSfkiD6BpbCE4Ns//LaXl6wGYtUBY83nWS6Rf9tXm2e8VaK60JEjYldbPif/A2B1C2gNA==}

  is-absolute@1.0.0:
    resolution: {integrity: sha512-dOWoqflvcydARa360Gvv18DZ/gRuHKi2NU/wU5X1ZFzdYfH29nkiNZsF3mp4OJ3H4yo9Mx8A/uAGNzpzPN3yBA==}
    engines: {node: '>=0.10.0'}

  is-lower-case@2.0.2:
    resolution: {integrity: sha512-bVcMJy4X5Og6VZfdOZstSexlEy20Sr0k/p/b2IlQJlfdKAQuMpiv5w2Ccxb8sKdRUNAG1PnHVHjFSdRDVS6NlQ==}

  is-relative@1.0.0:
    resolution: {integrity: sha512-Kw/ReK0iqwKeu0MITLFuj0jbPAmEiOsIwyIXvvbfa6QfmN9pkD1M+8pdk7Rl/dTKbH34/XBFMbgD4iMJhLQbGA==}
    engines: {node: '>=0.10.0'}

  is-unc-path@1.0.0:
    resolution: {integrity: sha512-mrGpVd0fs7WWLfVsStvgF6iEJnbjDFZh9/emhRDcGWTduTfNHd9CHeUwH3gYIjdbwo4On6hunkztwOaAw0yllQ==}
    engines: {node: '>=0.10.0'}

  is-upper-case@2.0.2:
    resolution: {integrity: sha512-44pxmxAvnnAOwBg4tHPnkfvgjPwbc5QIsSstNU+YcJ1ovxVzCWpSGosPJOZh/a1tdl81fbgnLc9LLv+x2ywbPQ==}

  is-windows@1.0.2:
    resolution: {integrity: sha512-eXK1UInq2bPmjyX6e3VHIzMLobc4J94i4AWn+Hpq3OU5KkrRC96OAcR3PRJ/pGu6m8TRnBHP9dkXQVsT/COVIA==}
    engines: {node: '>=0.10.0'}

  js-tokens@4.0.0:
    resolution: {integrity: sha512-RdJUflcE3cUzKiMqQgsCu06FPu9UdIJO0beYbPhHN4k6apgJtifcoCtT9bcxOpYBtpD2kCM6Sbzg4CausW/PKQ==}

  jsesc@3.1.0:
    resolution: {integrity: sha512-/sM3dO2FOzXjKQhJuo0Q173wf2KOo8t4I8vHy6lF9poUp7bKT0/NHE8fPX23PwfhnykfqnC2xRxOnVw5XuGIaA==}
    engines: {node: '>=6'}
    hasBin: true

  lodash@4.17.23:
    resolution: {integrity: sha512-LgVTMpQtIopCi79SJeDiP0TfWi5CNEc/L/aRdTh3yIvmZXTnheWpKjSZhnvMl8iXbC1tFg9gdHHDMLoV7CnG+w==}

  loose-envify@1.4.0:
    resolution: {integrity: sha512-lyuxPGr/Wfhrlem2CL/UcnUc1zcqKAImBDzukY7Y5F/yQiNdko6+fRLevlw1HgMySw7f611UIY408EtxRSoK3Q==}
    hasBin: true

  lower-case-first@2.0.2:
    resolution: {integrity: sha512-EVm/rR94FJTZi3zefZ82fLWab+GX14LJN4HrWBcuo6Evmsl9hEfnqxgcHCKb9q+mNf6EVdsjx/qucYFIIB84pg==}

  lower-case@2.0.2:
    resolution: {integrity: sha512-7fm3l3NAF9WfN6W3JOmf5drwpVqX78JtoGJ3A6W0a6ZnldM41w2fV5D490psKFTpMds8TJse/eHLFFsNHHjHgg==}

  map-cache@0.2.2:
    resolution: {integrity: sha512-8y/eV9QQZCiyn1SprXSrCmqJN0yNRATe+PO8ztwqrvrbdRLA3eYJF0yaR0YayLWkMbsQSKWS9N2gPcGEc4UsZg==}
    engines: {node: '>=0.10.0'}

  no-case@3.0.4:
    resolution: {integrity: sha512-fgAN3jGAh+RoxUGZHTSOLJIqUc2wmoBwGR4tbpNAKmmovFoWq0OdRkb0VkldReO2a2iBT/OEulG9XSUc10r3zg==}

  node-fetch@2.7.0:
    resolution: {integrity: sha512-c4FRfUm/dbcWZ7U+1Wq0AwCyFL+3nt2bEw05wfxSz+DWpWsitgmSgYmy2dQdWyKC1694ELPqMs/YzUSNozLt8A==}
    engines: {node: 4.x || >=6.0.0}
    peerDependencies:
      encoding: ^0.1.0
    peerDependenciesMeta:
      encoding:
        optional: true

  node-int64@0.4.0:
    resolution: {integrity: sha512-O5lz91xSOeoXP6DulyHfllpq+Eg00MWitZIbtPfoSEvqIHdl5gfcY6hYzDWnj0qD5tz52PI08u9qUvSVeUBeHw==}

  nullthrows@1.1.1:
    resolution: {integrity: sha512-2vPPEi+Z7WqML2jZYddDIfy5Dqb0r2fze2zTxNNknZaFpVHU3mFB3R+DWeJWGVx0ecvttSGlJTI+WG+8Z4cDWw==}

  object-assign@4.1.1:
    resolution: {integrity: sha512-rJgTQnkUnH1sFw8yT6VSU3zD3sWmu6sZhIseY8VX+GRu3P6F7Fu+JNDoXfklElbLJSnc3FUQHVe4cU5hj+BcUg==}
    engines: {node: '>=0.10.0'}

  param-case@3.0.4:
    resolution: {integrity: sha512-RXlj7zCYokReqWpOPH9oYivUzLYZ5vAPIfEmCTNViosC78F8F0H9y7T7gG2M39ymgutxF5gcFEsyZQSph9Bp3A==}

  parse-filepath@1.0.2:
    resolution: {integrity: sha512-FwdRXKCohSVeXqwtYonZTXtbGJKrn+HNyWDYVcp5yuJlesTwNH4rsmRZ+GrKAPJ5bLpRxESMeS+Rl0VCHRvB2Q==}
    engines: {node: '>=0.8'}

  pascal-case@3.1.2:
    resolution: {integrity: sha512-uWlGT3YSnK9x3BQJaOdcZwrnV6hPpd8jFH1/ucpiLRPh/2zCVJKS19E4GvYHvaCcACn3foXZ0cLB9Wrx1KGe5g==}

  path-case@3.0.4:
    resolution: {integrity: sha512-qO4qCFjXqVTrcbPt/hQfhTQ+VhFsqNKOPtytgNKkKxSoEp3XPUQ8ObFuePylOIok5gjn69ry8XiULxCwot3Wfg==}

  path-root-regex@0.1.2:
    resolution: {integrity: sha512-4GlJ6rZDhQZFE0DPVKh0e9jmZ5egZfxTkp7bcRDuPlJXbAwhxcl2dINPUAsjLdejqaLsCeg8axcLjIbvBjN4pQ==}
    engines: {node: '>=0.10.0'}

  path-root@0.1.1:
    resolution: {integrity: sha512-QLcPegTHF11axjfojBIoDygmS2E3Lf+8+jI6wOVmNVenrKSo3mFdSGiIgdSHenczw3wPtlVMQaFVwGmM7BJdtg==}
    engines: {node: '>=0.10.0'}

  promise@7.3.1:
    resolution: {integrity: sha512-nolQXZ/4L+bP/UGlkfaIujX9BKxGwmQ9OT4mOt5yvy8iK1h3wqTEJCijzGANTCCl9nWjY41juyAn2K3Q1hLLTg==}

  relay-runtime@12.0.0:
    resolution: {integrity: sha512-QU6JKr1tMsry22DXNy9Whsq5rmvwr3LSZiiWV/9+DFpuTWvp+WFhobWMc8TC4OjKFfNhEZy7mOiqUAn5atQtug==}

  sentence-case@3.0.4:
    resolution: {integrity: sha512-8LS0JInaQMCRoQ7YUytAo/xUu5W2XnQxV2HI/6uM6U7CITS1RqPElr30V6uIqyMKM9lJGRVFy5/4CuzcixNYSg==}

  setimmediate@1.0.5:
    resolution: {integrity: sha512-MATJdZp8sLqDl/68LfQmbP8zKPLQNV6BIZoIgrscFDQ+RsvK/BxeDQOgyxKKoh0y/8h3BqVFnCqQ/gd+reiIXA==}

  signedsource@1.0.0:
    resolution: {integrity: sha512-6+eerH9fEnNmi/hyM1DXcRK3pWdoMQtlkQ+ns0ntzunjKqp5i3sKCc80ym8Fib3iaYhdJUOPdhlJWj1tvge2Ww==}

  snake-case@3.0.4:
    resolution: {integrity: sha512-LAOh4z89bGQvl9pFfNF8V146i7o7/CqFPbqzYgP+yYzDIDeS9HaNFtXABamRW+AQzEVODcvE79ljJ+8a9YSdMg==}

  sponge-case@1.0.1:
    resolution: {integrity: sha512-dblb9Et4DAtiZ5YSUZHLl4XhH4uK80GhAZrVXdN4O2P4gQ40Wa5UIOPUHlA/nFd2PLblBZWUioLMMAVrgpoYcA==}

  supports-color@7.2.0:
    resolution: {integrity: sha512-qpCAvRl9stuOHveKsn7HncJRvv501qIacKzQlO/+Lwxc9+0q2wLyv4Dfvt80/DPn2pqOBsJdDiogXGR9+OvwRw==}
    engines: {node: '>=8'}

  swap-case@2.0.2:
    resolution: {integrity: sha512-kc6S2YS/2yXbtkSMunBtKdah4VFETZ8Oh6ONSmSd9bRxhqTrtARUCBUiWXH3xVPpvR7tz2CSnkuXVE42EcGnMw==}

  title-case@3.0.3:
    resolution: {integrity: sha512-e1zGYRvbffpcHIrnuqT0Dh+gEJtDaxDSoG4JAIpq4oDFyooziLBIiYQv0GBT4FUAnUop5uZ1hiIAj7oAF6sOCA==}

  tr46@0.0.3:
    resolution: {integrity: sha512-N3WMsuqV66lT30CrXNbEjx4GEwlow3v6rr4mCcv6prnfwhS01rkgyFdjPNBYd9br7LpXV1+Emh01fHnq2Gdgrw==}

  tslib@2.6.3:
    resolution: {integrity: sha512-xNvxJEOUiWPGhUuUdQgAJPKOOJfGnIyKySOc09XkKsgdUV/3E2zvwZYdejjmRgPCgcym1juLH3226yA7sEFJKQ==}

  ua-parser-js@1.0.41:
    resolution: {integrity: sha512-LbBDqdIC5s8iROCUjMbW1f5dJQTEFB1+KO9ogbvlb3nm9n4YHa5p4KTvFPWvh2Hs8gZMBuiB1/8+pdfe/tDPug==}
    hasBin: true

  unc-path-regex@0.1.2:
    resolution: {integrity: sha512-eXL4nmJT7oCpkZsHZUOJo8hcX3GbsiDOa0Qu9F646fi8dT3XuSVopVqAcEiVzSKKH7UoDti23wNX3qGFxcW5Qg==}
    engines: {node: '>=0.10.0'}

  upper-case-first@2.0.2:
    resolution: {integrity: sha512-514ppYHBaKwfJRK/pNC6c/OxfGa0obSnAl106u97Ed0I625Nin96KAjttZF6ZL3e1XLtphxnqrOi9iWgm+u+bg==}

  upper-case@2.0.2:
    resolution: {integrity: sha512-KgdgDGJt2TpuwBUIjgG6lzw2GWFRCW9Qkfkiv0DxqHHLYJHmtmdUIKcZd8rHgFSjopVTlw6ggzCm1b8MFQwikg==}

  webidl-conversions@3.0.1:
    resolution: {integrity: sha512-2JAn3z8AR6rjK8Sm8orRC0h/bcl/DqL7tRPdGZ4I1CjdF+EaMLmYxBHyXuKL849eucPFhvBoxMsflfOb8kxaeQ==}

  whatwg-url@5.0.0:
    resolution: {integrity: sha512-saE57nupxk6v3HY35+jzBwYa0rKSy0XR8JSxZPwgLr7ys0IBzhGviA1/TUGJLmSVqs8pb9AnvICXEuOHLprYTw==}

snapshots:

  '@ardatan/relay-compiler@12.0.3(graphql@16.12.0)':
    dependencies:
      '@babel/generator': 7.29.1
      '@babel/parser': 7.29.0
      '@babel/runtime': 7.28.6
      chalk: 4.1.2
      fb-watchman: 2.0.2
      graphql: 16.12.0
      immutable: 3.7.6
      invariant: 2.2.4
      nullthrows: 1.1.1
      relay-runtime: 12.0.0
      signedsource: 1.0.0
    transitivePeerDependencies:
      - encoding

  '@babel/generator@7.29.1':
    dependencies:
      '@babel/parser': 7.29.0
      '@babel/types': 7.29.0
      '@jridgewell/gen-mapping': 0.3.13
      '@jridgewell/trace-mapping': 0.3.31
      jsesc: 3.1.0

  '@babel/helper-string-parser@7.27.1': {}

  '@babel/helper-validator-identifier@7.28.5': {}

  '@babel/parser@7.29.0':
    dependencies:
      '@babel/types': 7.29.0

  '@babel/runtime@7.28.6': {}

  '@babel/types@7.29.0':
    dependencies:
      '@babel/helper-string-parser': 7.27.1
      '@babel/helper-validator-identifier': 7.28.5

  '@graphql-codegen/core@4.0.2(graphql@16.12.0)':
    dependencies:
      '@graphql-codegen/plugin-helpers': 5.1.1(graphql@16.12.0)
      '@graphql-tools/schema': 10.0.31(graphql@16.12.0)
      '@graphql-tools/utils': 10.11.0(graphql@16.12.0)
      graphql: 16.12.0
      tslib: 2.6.3

  '@graphql-codegen/plugin-helpers@5.1.1(graphql@16.12.0)':
    dependencies:
      '@graphql-tools/utils': 10.11.0(graphql@16.12.0)
      change-case-all: 1.0.15
      common-tags: 1.8.2
      graphql: 16.12.0
      import-from: 4.0.0
      lodash: 4.17.23
      tslib: 2.6.3

  '@graphql-codegen/schema-ast@4.1.0(graphql@16.12.0)':
    dependencies:
      '@graphql-codegen/plugin-helpers': 5.1.1(graphql@16.12.0)
      '@graphql-tools/utils': 10.11.0(graphql@16.12.0)
      graphql: 16.12.0
      tslib: 2.6.3

  '@graphql-codegen/typescript-operations@4.6.1(graphql@16.12.0)':
    dependencies:
      '@graphql-codegen/plugin-helpers': 5.1.1(graphql@16.12.0)
      '@graphql-codegen/typescript': 4.1.6(graphql@16.12.0)
      '@graphql-codegen/visitor-plugin-common': 5.8.0(graphql@16.12.0)
      auto-bind: 4.0.0
      graphql: 16.12.0
      tslib: 2.6.3
    transitivePeerDependencies:
      - encoding

  '@graphql-codegen/typescript@4.1.6(graphql@16.12.0)':
    dependencies:
      '@graphql-codegen/plugin-helpers': 5.1.1(graphql@16.12.0)
      '@graphql-codegen/schema-ast': 4.1.0(graphql@16.12.0)
      '@graphql-codegen/visitor-plugin-common': 5.8.0(graphql@16.12.0)
      auto-bind: 4.0.0
      graphql: 16.12.0
      tslib: 2.6.3
    transitivePeerDependencies:
      - encoding

  '@graphql-codegen/visitor-plugin-common@5.8.0(graphql@16.12.0)':
    dependencies:
      '@graphql-codegen/plugin-helpers': 5.1.1(graphql@16.12.0)
      '@graphql-tools/optimize': 2.0.0(graphql@16.12.0)
      '@graphql-tools/relay-operation-optimizer': 7.0.27(graphql@16.12.0)
      '@graphql-tools/utils': 10.11.0(graphql@16.12.0)
      auto-bind: 4.0.0
      change-case-all: 1.0.15
      dependency-graph: 0.11.0
      graphql: 16.12.0
      graphql-tag: 2.12.6(graphql@16.12.0)
      parse-filepath: 1.0.2
      tslib: 2.6.3
    transitivePeerDependencies:
      - encoding

  '@graphql-tools/merge@9.1.7(graphql@16.12.0)':
    dependencies:
      '@graphql-tools/utils': 11.0.0(graphql@16.12.0)
      graphql: 16.12.0
      tslib: 2.6.3

  '@graphql-tools/optimize@2.0.0(graphql@16.12.0)':
    dependencies:
      graphql: 16.12.0
      tslib: 2.6.3

  '@graphql-tools/relay-operation-optimizer@7.0.27(graphql@16.12.0)':
    dependencies:
      '@ardatan/relay-compiler': 12.0.3(graphql@16.12.0)
      '@graphql-tools/utils': 11.0.0(graphql@16.12.0)
      graphql: 16.12.0
      tslib: 2.6.3
    transitivePeerDependencies:
      - encoding

  '@graphql-tools/schema@10.0.31(graphql@16.12.0)':
    dependencies:
      '@graphql-tools/merge': 9.1.7(graphql@16.12.0)
      '@graphql-tools/utils': 11.0.0(graphql@16.12.0)
      graphql: 16.12.0
      tslib: 2.6.3

  '@graphql-tools/utils@10.11.0(graphql@16.12.0)':
    dependencies:
      '@graphql-typed-document-node/core': 3.2.0(graphql@16.12.0)
      '@whatwg-node/promise-helpers': 1.3.2
      cross-inspect: 1.0.1
      graphql: 16.12.0
      tslib: 2.6.3

  '@graphql-tools/utils@11.0.0(graphql@16.12.0)':
    dependencies:
      '@graphql-typed-document-node/core': 3.2.0(graphql@16.12.0)
      '@whatwg-node/promise-helpers': 1.3.2
      cross-inspect: 1.0.1
      graphql: 16.12.0
      tslib: 2.6.3

  '@graphql-typed-document-node/core@3.2.0(graphql@16.12.0)':
    dependencies:
      graphql: 16.12.0

  '@jridgewell/gen-mapping@0.3.13':
    dependencies:
      '@jridgewell/sourcemap-codec': 1.5.5
      '@jridgewell/trace-mapping': 0.3.31

  '@jridgewell/resolve-uri@3.1.2': {}

  '@jridgewell/sourcemap-codec@1.5.5': {}

  '@jridgewell/trace-mapping@0.3.31':
    dependencies:
      '@jridgewell/resolve-uri': 3.1.2
      '@jridgewell/sourcemap-codec': 1.5.5

  '@whatwg-node/promise-helpers@1.3.2':
    dependencies:
      tslib: 2.6.3

  ansi-styles@4.3.0:
    dependencies:
      color-convert: 2.0.1

  asap@2.0.6: {}

  auto-bind@4.0.0: {}

  bser@2.1.1:
    dependencies:
      node-int64: 0.4.0

  camel-case@4.1.2:
    dependencies:
      pascal-case: 3.1.2
      tslib: 2.6.3

  capital-case@1.0.4:
    dependencies:
      no-case: 3.0.4
      tslib: 2.6.3
      upper-case-first: 2.0.2

  chalk@4.1.2:
    dependencies:
      ansi-styles: 4.3.0
      supports-color: 7.2.0

  change-case-all@1.0.15:
    dependencies:
      change-case: 4.1.2
      is-lower-case: 2.0.2
      is-upper-case: 2.0.2
      lower-case: 2.0.2
      lower-case-first: 2.0.2
      sponge-case: 1.0.1
      swap-case: 2.0.2
      title-case: 3.0.3
      upper-case: 2.0.2
      upper-case-first: 2.0.2

  change-case@4.1.2:
    dependencies:
      camel-case: 4.1.2
      capital-case: 1.0.4
      constant-case: 3.0.4
      dot-case: 3.0.4
      header-case: 2.0.4
      no-case: 3.0.4
      param-case: 3.0.4
      pascal-case: 3.1.2
      path-case: 3.0.4
      sentence-case: 3.0.4
      snake-case: 3.0.4
      tslib: 2.6.3

  color-convert@2.0.1:
    dependencies:
      color-name: 1.1.4

  color-name@1.1.4: {}

  common-tags@1.8.2: {}

  constant-case@3.0.4:
    dependencies:
      no-case: 3.0.4
      tslib: 2.6.3
      upper-case: 2.0.2

  cross-fetch@3.2.0:
    dependencies:
      node-fetch: 2.7.0
    transitivePeerDependencies:
      - encoding

  cross-inspect@1.0.1:
    dependencies:
      tslib: 2.6.3

  dependency-graph@0.11.0: {}

  dot-case@3.0.4:
    dependencies:
      no-case: 3.0.4
      tslib: 2.6.3

  fb-watchman@2.0.2:
    dependencies:
      bser: 2.1.1

  fbjs-css-vars@1.0.2: {}

  fbjs@3.0.5:
    dependencies:
      cross-fetch: 3.2.0
      fbjs-css-vars: 1.0.2
      loose-envify: 1.4.0
      object-assign: 4.1.1
      promise: 7.3.1
      setimmediate: 1.0.5
      ua-parser-js: 1.0.41
    transitivePeerDependencies:
      - encoding

  graphql-tag@2.12.6(graphql@16.12.0):
    dependencies:
      graphql: 16.12.0
      tslib: 2.6.3

  graphql@16.12.0: {}

  has-flag@4.0.0: {}

  header-case@2.0.4:
    dependencies:
      capital-case: 1.0.4
      tslib: 2.6.3

  immutable@3.7.6: {}

  import-from@4.0.0: {}

  invariant@2.2.4:
    dependencies:
      loose-envify: 1.4.0

  is-absolute@1.0.0:
    dependencies:
      is-relative: 1.0.0
      is-windows: 1.0.2

  is-lower-case@2.0.2:
    dependencies:
      tslib: 2.6.3

  is-relative@1.0.0:
    dependencies:
      is-unc-path: 1.0.0

  is-unc-path@1.0.0:
    dependencies:
      unc-path-regex: 0.1.2

  is-upper-case@2.0.2:
    dependencies:
      tslib: 2.6.3

  is-windows@1.0.2: {}

  js-tokens@4.0.0: {}

  jsesc@3.1.0: {}

  lodash@4.17.23: {}

  loose-envify@1.4.0:
    dependencies:
      js-tokens: 4.0.0

  lower-case-first@2.0.2:
    dependencies:
      tslib: 2.6.3

  lower-case@2.0.2:
    dependencies:
      tslib: 2.6.3

  map-cache@0.2.2: {}

  no-case@3.0.4:
    dependencies:
      lower-case: 2.0.2
      tslib: 2.6.3

  node-fetch@2.7.0:
    dependencies:
      whatwg-url: 5.0.0

  node-int64@0.4.0: {}

  nullthrows@1.1.1: {}

  object-assign@4.1.1: {}

  param-case@3.0.4:
    dependencies:
      dot-case: 3.0.4
      tslib: 2.6.3

  parse-filepath@1.0.2:
    dependencies:
      is-absolute: 1.0.0
      map-cache: 0.2.2
      path-root: 0.1.1

  pascal-case@3.1.2:
    dependencies:
      no-case: 3.0.4
      tslib: 2.6.3

  path-case@3.0.4:
    dependencies:
      dot-case: 3.0.4
      tslib: 2.6.3

  path-root-regex@0.1.2: {}

  path-root@0.1.1:
    dependencies:
      path-root-regex: 0.1.2

  promise@7.3.1:
    dependencies:
      asap: 2.0.6

  relay-runtime@12.0.0:
    dependencies:
      '@babel/runtime': 7.28.6
      fbjs: 3.0.5
      invariant: 2.2.4
    transitivePeerDependencies:
      - encoding

  sentence-case@3.0.4:
    dependencies:
      no-case: 3.0.4
      tslib: 2.6.3
      upper-case-first: 2.0.2

  setimmediate@1.0.5: {}

  signedsource@1.0.0: {}

  snake-case@3.0.4:
    dependencies:
      dot-case: 3.0.4
      tslib: 2.6.3

  sponge-case@1.0.1:
    dependencies:
      tslib: 2.6.3

  supports-color@7.2.0:
    dependencies:
      has-flag: 4.0.0

  swap-case@2.0.2:
    dependencies:
      tslib: 2.6.3

  title-case@3.0.3:
    dependencies:
      tslib: 2.6.3

  tr46@0.0.3: {}

  tslib@2.6.3: {}

  ua-parser-js@1.0.41: {}

  unc-path-regex@0.1.2: {}

  upper-case-first@2.0.2:
    dependencies:
      tslib: 2.6.3

  upper-case@2.0.2:
    dependencies:
      tslib: 2.6.3

  webidl-conversions@3.0.1: {}

  whatwg-url@5.0.0:
    dependencies:
      tr46: 0.0.3
      webidl-conversions: 3.0.1
